
Microsoft Visual Studio Solution File, Format Version 12.00
# Visual Studio Version 17
VisualStudioVersion = 17.8.34330.188
MinimumVisualStudioVersion = 10.0.40219.1
Project("{FAE04EC0-301F-11D3-BF4B-00C04F79EFBC}") = "WFPSignIn", "WFPSignIn.csproj", "{1B717414-9905-4A88-A237-113A71874250}"
EndProject
Global
	GlobalSection(SolutionConfigurationPlatforms) = preSolution
		Debug|Any CPU = Debug|Any CPU
		Release|Any CPU = Release|Any CPU
	EndGlobalSection
	GlobalSection(ProjectConfigurationPlatforms) = postSolution
		{1B717414-9905-4A88-A237-113A71874250}.Debug|Any CPU.ActiveCfg = Debug|Any CPU
		{1B717414-9905-4A88-A237-113A71874250}.Debug|Any CPU.Build.0 = Debug|Any CPU
		{1B717414-9905-4A88-A237-113A71874250}.Release|Any CPU.ActiveCfg = Release|Any CPU
		{1B717414-9905-4A88-A237-113A71874250}.Release|Any CPU.Build.0 = Release|Any CPU
	EndGlobalSection
	GlobalSection(SolutionProperties) = preSolution
		HideSolutionNode = FALSE
	EndGlobalSection
	GlobalSection(ExtensibilityGlobals) = postSolution
		SolutionGuid = {CCE11C24-F0A9-4C63-8D9F-A2282541F156}
	EndGlobalSection
EndGlobal
