
Microsoft Visual Studio Solution File, Format Version 12.00
# Visual Studio Version 17
VisualStudioVersion = 17.9.34310.174
MinimumVisualStudioVersion = 10.0.40219.1
Project("{FAE04EC0-301F-11D3-BF4B-00C04F79EFBC}") = "ParProgging", "ParProgging.csproj", "{68021518-4B48-4414-A58B-D8158E53BA1B}"
EndProject
Global
	GlobalSection(SolutionConfigurationPlatforms) = preSolution
		Debug|Any CPU = Debug|Any CPU
		Release|Any CPU = Release|Any CPU
	EndGlobalSection
	GlobalSection(ProjectConfigurationPlatforms) = postSolution
		{68021518-4B48-4414-A58B-D8158E53BA1B}.Debug|Any CPU.ActiveCfg = Debug|Any CPU
		{68021518-4B48-4414-A58B-D8158E53BA1B}.Debug|Any CPU.Build.0 = Debug|Any CPU
		{68021518-4B48-4414-A58B-D8158E53BA1B}.Release|Any CPU.ActiveCfg = Release|Any CPU
		{68021518-4B48-4414-A58B-D8158E53BA1B}.Release|Any CPU.Build.0 = Release|Any CPU
	EndGlobalSection
	GlobalSection(SolutionProperties) = preSolution
		HideSolutionNode = FALSE
	EndGlobalSection
	GlobalSection(ExtensibilityGlobals) = postSolution
		SolutionGuid = {6A0E697A-A5DE-48C3-943B-83B57EA55C58}
	EndGlobalSection
EndGlobal
