
Microsoft Visual Studio Solution File, Format Version 12.00
# Visual Studio Version 17
VisualStudioVersion = 17.9.34310.174
MinimumVisualStudioVersion = 10.0.40219.1
Project("{FAE04EC0-301F-11D3-BF4B-00C04F79EFBC}") = "TextRPG", "TextRPG.csproj", "{CD6A3EB9-14EE-43A8-82D1-581FE87FF6CF}"
EndProject
Global
	GlobalSection(SolutionConfigurationPlatforms) = preSolution
		Debug|Any CPU = Debug|Any CPU
		Release|Any CPU = Release|Any CPU
	EndGlobalSection
	GlobalSection(ProjectConfigurationPlatforms) = postSolution
		{CD6A3EB9-14EE-43A8-82D1-581FE87FF6CF}.Debug|Any CPU.ActiveCfg = Debug|Any CPU
		{CD6A3EB9-14EE-43A8-82D1-581FE87FF6CF}.Debug|Any CPU.Build.0 = Debug|Any CPU
		{CD6A3EB9-14EE-43A8-82D1-581FE87FF6CF}.Release|Any CPU.ActiveCfg = Release|Any CPU
		{CD6A3EB9-14EE-43A8-82D1-581FE87FF6CF}.Release|Any CPU.Build.0 = Release|Any CPU
	EndGlobalSection
	GlobalSection(SolutionProperties) = preSolution
		HideSolutionNode = FALSE
	EndGlobalSection
	GlobalSection(ExtensibilityGlobals) = postSolution
		SolutionGuid = {C9425E63-76B0-4EBD-8B40-F6F19AF30F0F}
	EndGlobalSection
EndGlobal
